
Microsoft Visual Studio Solution File, Format Version 12.00
# Visual Studio Version 17
VisualStudioVersion = 17.2.32630.192
MinimumVisualStudioVersion = 10.0.40219.1
Project("{9A19103F-16F7-4668-BE54-9A1E7A4F7556}") = "ClubeLeitura.ConsoleApp", "ClubeLeitura.ConsoleApp\ClubeLeitura.ConsoleApp.csproj", "{C2D155F4-5FF2-4315-A1F4-0A5DBF3BCE15}"
EndProject
Project("{2150E333-8FDC-42A3-9474-1A3956D46DE8}") = "1-Apresentação", "1-Apresentação", "{5921B0B4-84E3-4E77-872C-7F7667562D09}"
EndProject
Project("{2150E333-8FDC-42A3-9474-1A3956D46DE8}") = "2-Domain", "2-Domain", "{ED5ADF90-087C-4595-8F3E-044EE3ED8A8E}"
EndProject
Project("{FAE04EC0-301F-11D3-BF4B-00C04F79EFBC}") = "ClubeLeitura.Domain", "ClubeLeitura.Domain\ClubeLeitura.Domain.csproj", "{422B3864-5A6E-4A1A-9C41-8363956E627D}"
EndProject
Global
	GlobalSection(SolutionConfigurationPlatforms) = preSolution
		Debug|Any CPU = Debug|Any CPU
		Release|Any CPU = Release|Any CPU
	EndGlobalSection
	GlobalSection(ProjectConfigurationPlatforms) = postSolution
		{C2D155F4-5FF2-4315-A1F4-0A5DBF3BCE15}.Debug|Any CPU.ActiveCfg = Debug|Any CPU
		{C2D155F4-5FF2-4315-A1F4-0A5DBF3BCE15}.Debug|Any CPU.Build.0 = Debug|Any CPU
		{C2D155F4-5FF2-4315-A1F4-0A5DBF3BCE15}.Release|Any CPU.ActiveCfg = Release|Any CPU
		{C2D155F4-5FF2-4315-A1F4-0A5DBF3BCE15}.Release|Any CPU.Build.0 = Release|Any CPU
		{422B3864-5A6E-4A1A-9C41-8363956E627D}.Debug|Any CPU.ActiveCfg = Debug|Any CPU
		{422B3864-5A6E-4A1A-9C41-8363956E627D}.Debug|Any CPU.Build.0 = Debug|Any CPU
		{422B3864-5A6E-4A1A-9C41-8363956E627D}.Release|Any CPU.ActiveCfg = Release|Any CPU
		{422B3864-5A6E-4A1A-9C41-8363956E627D}.Release|Any CPU.Build.0 = Release|Any CPU
	EndGlobalSection
	GlobalSection(SolutionProperties) = preSolution
		HideSolutionNode = FALSE
	EndGlobalSection
	GlobalSection(NestedProjects) = preSolution
		{C2D155F4-5FF2-4315-A1F4-0A5DBF3BCE15} = {5921B0B4-84E3-4E77-872C-7F7667562D09}
		{422B3864-5A6E-4A1A-9C41-8363956E627D} = {ED5ADF90-087C-4595-8F3E-044EE3ED8A8E}
	EndGlobalSection
	GlobalSection(ExtensibilityGlobals) = postSolution
		SolutionGuid = {33E22E39-22B5-4917-9B48-71199CEDB086}
	EndGlobalSection
EndGlobal
